# This file was autogenerated by Stack.
# You should not edit this file by hand.
# For more information, please see the documentation at:
#   https://docs.haskellstack.org/en/stable/lock_files

packages:
- completed:
    hackage: ghc-paths-0.1.0.12@sha256:85370fdc615d4be5e09d9269eebb9a3fc7017c40b1a9e0050b121d75908564bd,632
    pantry-tree:
      size: 206
      sha256: ca56ee5c638cf6369ab9f776234b81e489127bb9901b33715bd8a111bd871b6a
  original:
    hackage: ghc-paths-0.1.0.12@sha256:85370fdc615d4be5e09d9269eebb9a3fc7017c40b1a9e0050b121d75908564bd,632
snapshots: []
